
Microsoft Visual Studio Solution File, Format Version 12.00
# Visual Studio 15
VisualStudioVersion = 15.0.27004.2005
MinimumVisualStudioVersion = 10.0.40219.1
Project("{8BC9CEB8-8B4A-11D0-8D11-00A0C91BC942}") = "imresize", "imresize\imresize.vcxproj", "{89B6ABCA-78D1-49FE-9296-04D75D057502}"
EndProject
Global
	GlobalSection(SolutionConfigurationPlatforms) = preSolution
		Debug|x64 = Debug|x64
		Debug|x86 = Debug|x86
		Release|x64 = Release|x64
		Release|x86 = Release|x86
	EndGlobalSection
	GlobalSection(ProjectConfigurationPlatforms) = postSolution
		{89B6ABCA-78D1-49FE-9296-04D75D057502}.Debug|x64.ActiveCfg = Debug|x64
		{89B6ABCA-78D1-49FE-9296-04D75D057502}.Debug|x64.Build.0 = Debug|x64
		{89B6ABCA-78D1-49FE-9296-04D75D057502}.Debug|x86.ActiveCfg = Debug|Win32
		{89B6ABCA-78D1-49FE-9296-04D75D057502}.Debug|x86.Build.0 = Debug|Win32
		{89B6ABCA-78D1-49FE-9296-04D75D057502}.Release|x64.ActiveCfg = Release|x64
		{89B6ABCA-78D1-49FE-9296-04D75D057502}.Release|x64.Build.0 = Release|x64
		{89B6ABCA-78D1-49FE-9296-04D75D057502}.Release|x86.ActiveCfg = Release|Win32
		{89B6ABCA-78D1-49FE-9296-04D75D057502}.Release|x86.Build.0 = Release|Win32
	EndGlobalSection
	GlobalSection(SolutionProperties) = preSolution
		HideSolutionNode = FALSE
	EndGlobalSection
	GlobalSection(ExtensibilityGlobals) = postSolution
		SolutionGuid = {6FECAD77-C1A9-49C9-BF34-A813BFE4DE34}
	EndGlobalSection
EndGlobal
